react@^18 react-dom@^18 source-map-support lodash@^4 react-virtualized@9.22.5 react-draggable react-fast-compare diff@^5 codemirror@5.65.2 @codemirror/language@6.10.0 @codemirror/search@6.5.5 @codemirror/state@6.4.0 @codemirror/view@6.23.1 @lezer/cpp@^1 react-virtualized-auto-sizer@^1.0.22 react-force-graph-2d@^1.25.4 react-force-graph-3d@^1.24.2 d3-selection@^3 d3-graphviz@^5 react-markdown@9.0.1 react-code-blocks@0.1.6 remark-custom-header-id@1.0.0
